
Microsoft Visual Studio Solution File, Format Version 12.00
# Visual Studio 15
VisualStudioVersion = 15.0.27130.2010
MinimumVisualStudioVersion = 10.0.40219.1
Project("{9A19103F-16F7-4668-BE54-9A1E7A4F7556}") = "RestaurantsAPI", "RestaurantsAPI.csproj", "{BEB7C913-70DD-41EB-B34C-5BBA4C1C4D16}"
EndProject
Global
	GlobalSection(SolutionConfigurationPlatforms) = preSolution
		Debug|Any CPU = Debug|Any CPU
		Release|Any CPU = Release|Any CPU
	EndGlobalSection
	GlobalSection(ProjectConfigurationPlatforms) = postSolution
		{BEB7C913-70DD-41EB-B34C-5BBA4C1C4D16}.Debug|Any CPU.ActiveCfg = Debug|Any CPU
		{BEB7C913-70DD-41EB-B34C-5BBA4C1C4D16}.Debug|Any CPU.Build.0 = Debug|Any CPU
		{BEB7C913-70DD-41EB-B34C-5BBA4C1C4D16}.Release|Any CPU.ActiveCfg = Release|Any CPU
		{BEB7C913-70DD-41EB-B34C-5BBA4C1C4D16}.Release|Any CPU.Build.0 = Release|Any CPU
	EndGlobalSection
	GlobalSection(SolutionProperties) = preSolution
		HideSolutionNode = FALSE
	EndGlobalSection
	GlobalSection(ExtensibilityGlobals) = postSolution
		SolutionGuid = {A94147CF-B95E-408D-89D9-86E965410A0B}
	EndGlobalSection
EndGlobal
